// !$*UTF8*$!
{
	archiveVersion = 1;
	classes = {
	};
	objectVersion = 56;
	objects = {

/* Begin PBXBuildFile section */
		8A03FC9B2BC6B36C009E7077 /* Listing.swift in Sources */ = {isa = PBXBuildFile; fileRef = 8A03FC9A2BC6B36C009E7077 /* Listing.swift */; };
		8A03FC9D2BC6D7DB009E7077 /* DeveloperPreview.swift in Sources */ = {isa = PBXBuildFile; fileRef = 8A03FC9C2BC6D7DB009E7077 /* DeveloperPreview.swift */; };
		8A03FCA32BC6DD0A009E7077 /* ExplorerViewModel.swift in Sources */ = {isa = PBXBuildFile; fileRef = 8A03FCA22BC6DD0A009E7077 /* ExplorerViewModel.swift */; };
		8A03FCA52BC6E342009E7077 /* ExploreService.swift in Sources */ = {isa = PBXBuildFile; fileRef = 8A03FCA42BC6E342009E7077 /* ExploreService.swift */; };
		8A03FCA72BC7DA1A009E7077 /* Regions.swift in Sources */ = {isa = PBXBuildFile; fileRef = 8A03FCA62BC7DA1A009E7077 /* Regions.swift */; };
		8A03FCA92BC80FC5009E7077 /* ListingMapView.swift in Sources */ = {isa = PBXBuildFile; fileRef = 8A03FCA82BC80FC5009E7077 /* ListingMapView.swift */; };
		8A03FCAB2BC86141009E7077 /* ListingMapPreviewView.swift in Sources */ = {isa = PBXBuildFile; fileRef = 8A03FCAA2BC86141009E7077 /* ListingMapPreviewView.swift */; };
		8A3B992F2BC535EF009B326E /* Date+Ext.swift in Sources */ = {isa = PBXBuildFile; fileRef = 8A3B992E2BC535EF009B326E /* Date+Ext.swift */; };
		8A3B99312BC54529009B326E /* ProfileView.swift in Sources */ = {isa = PBXBuildFile; fileRef = 8A3B99302BC54529009B326E /* ProfileView.swift */; };
		8ADA845A2BC6A5FE00A8A0A0 /* ProfileOptionRowView.swift in Sources */ = {isa = PBXBuildFile; fileRef = 8ADA84592BC6A5FE00A8A0A0 /* ProfileOptionRowView.swift */; };
		8ADA845C2BC6A7BF00A8A0A0 /* WishlistsView.swift in Sources */ = {isa = PBXBuildFile; fileRef = 8ADA845B2BC6A7BF00A8A0A0 /* WishlistsView.swift */; };
		8ADA845F2BC6AC3C00A8A0A0 /* PinkButtonViewModifier.swift in Sources */ = {isa = PBXBuildFile; fileRef = 8ADA845E2BC6AC3C00A8A0A0 /* PinkButtonViewModifier.swift */; };
		8ADA84612BC6AD8900A8A0A0 /* MainTabView.swift in Sources */ = {isa = PBXBuildFile; fileRef = 8ADA84602BC6AD8900A8A0A0 /* MainTabView.swift */; };
		8AE449502BC11E1800406747 /* AirbnbCloneApp.swift in Sources */ = {isa = PBXBuildFile; fileRef = 8AE4494F2BC11E1800406747 /* AirbnbCloneApp.swift */; };
		8AE449542BC11E1A00406747 /* Assets.xcassets in Resources */ = {isa = PBXBuildFile; fileRef = 8AE449532BC11E1A00406747 /* Assets.xcassets */; };
		8AE449572BC11E1A00406747 /* Preview Assets.xcassets in Resources */ = {isa = PBXBuildFile; fileRef = 8AE449562BC11E1A00406747 /* Preview Assets.xcassets */; };
		8AE4496E2BC1707800406747 /* ExploreView.swift in Sources */ = {isa = PBXBuildFile; fileRef = 8AE4496D2BC1707800406747 /* ExploreView.swift */; };
		8AE449702BC171B900406747 /* ListingItemView.swift in Sources */ = {isa = PBXBuildFile; fileRef = 8AE4496F2BC171B900406747 /* ListingItemView.swift */; };
		8AE449722BC1988800406747 /* SearchAndFilterBar.swift in Sources */ = {isa = PBXBuildFile; fileRef = 8AE449712BC1988800406747 /* SearchAndFilterBar.swift */; };
		8AE449742BC2922300406747 /* ListingDetailView.swift in Sources */ = {isa = PBXBuildFile; fileRef = 8AE449732BC2922300406747 /* ListingDetailView.swift */; };
		8AE449772BC2938800406747 /* ListingImageCarouselView.swift in Sources */ = {isa = PBXBuildFile; fileRef = 8AE449762BC2938800406747 /* ListingImageCarouselView.swift */; };
		8AE449972BC3DBB300406747 /* DestinationSearchView.swift in Sources */ = {isa = PBXBuildFile; fileRef = 8AE449962BC3DBB300406747 /* DestinationSearchView.swift */; };
/* End PBXBuildFile section */

/* Begin PBXFileReference section */
		8A03FC9A2BC6B36C009E7077 /* Listing.swift */ = {isa = PBXFileReference; lastKnownFileType = sourcecode.swift; path = Listing.swift; sourceTree = "<group>"; };
		8A03FC9C2BC6D7DB009E7077 /* DeveloperPreview.swift */ = {isa = PBXFileReference; lastKnownFileType = sourcecode.swift; path = DeveloperPreview.swift; sourceTree = "<group>"; };
		8A03FCA22BC6DD0A009E7077 /* ExplorerViewModel.swift */ = {isa = PBXFileReference; lastKnownFileType = sourcecode.swift; path = ExplorerViewModel.swift; sourceTree = "<group>"; };
		8A03FCA42BC6E342009E7077 /* ExploreService.swift */ = {isa = PBXFileReference; lastKnownFileType = sourcecode.swift; path = ExploreService.swift; sourceTree = "<group>"; };
		8A03FCA62BC7DA1A009E7077 /* Regions.swift */ = {isa = PBXFileReference; lastKnownFileType = sourcecode.swift; path = Regions.swift; sourceTree = "<group>"; };
		8A03FCA82BC80FC5009E7077 /* ListingMapView.swift */ = {isa = PBXFileReference; lastKnownFileType = sourcecode.swift; path = ListingMapView.swift; sourceTree = "<group>"; };
		8A03FCAA2BC86141009E7077 /* ListingMapPreviewView.swift */ = {isa = PBXFileReference; lastKnownFileType = sourcecode.swift; path = ListingMapPreviewView.swift; sourceTree = "<group>"; };
		8A3B992E2BC535EF009B326E /* Date+Ext.swift */ = {isa = PBXFileReference; lastKnownFileType = sourcecode.swift; path = "Date+Ext.swift"; sourceTree = "<group>"; };
		8A3B99302BC54529009B326E /* ProfileView.swift */ = {isa = PBXFileReference; lastKnownFileType = sourcecode.swift; path = ProfileView.swift; sourceTree = "<group>"; };
		8ADA84592BC6A5FE00A8A0A0 /* ProfileOptionRowView.swift */ = {isa = PBXFileReference; lastKnownFileType = sourcecode.swift; path = ProfileOptionRowView.swift; sourceTree = "<group>"; };
		8ADA845B2BC6A7BF00A8A0A0 /* WishlistsView.swift */ = {isa = PBXFileReference; lastKnownFileType = sourcecode.swift; path = WishlistsView.swift; sourceTree = "<group>"; };
		8ADA845E2BC6AC3C00A8A0A0 /* PinkButtonViewModifier.swift */ = {isa = PBXFileReference; lastKnownFileType = sourcecode.swift; path = PinkButtonViewModifier.swift; sourceTree = "<group>"; };
		8ADA84602BC6AD8900A8A0A0 /* MainTabView.swift */ = {isa = PBXFileReference; lastKnownFileType = sourcecode.swift; path = MainTabView.swift; sourceTree = "<group>"; };
		8AE4494C2BC11E1800406747 /* AirbnbClone.app */ = {isa = PBXFileReference; explicitFileType = wrapper.application; includeInIndex = 0; path = AirbnbClone.app; sourceTree = BUILT_PRODUCTS_DIR; };
		8AE4494F2BC11E1800406747 /* AirbnbCloneApp.swift */ = {isa = PBXFileReference; lastKnownFileType = sourcecode.swift; path = AirbnbCloneApp.swift; sourceTree = "<group>"; };
		8AE449532BC11E1A00406747 /* Assets.xcassets */ = {isa = PBXFileReference; lastKnownFileType = folder.assetcatalog; path = Assets.xcassets; sourceTree = "<group>"; };
		8AE449562BC11E1A00406747 /* Preview Assets.xcassets */ = {isa = PBXFileReference; lastKnownFileType = folder.assetcatalog; path = "Preview Assets.xcassets"; sourceTree = "<group>"; };
		8AE4496D2BC1707800406747 /* ExploreView.swift */ = {isa = PBXFileReference; lastKnownFileType = sourcecode.swift; path = ExploreView.swift; sourceTree = "<group>"; };
		8AE4496F2BC171B900406747 /* ListingItemView.swift */ = {isa = PBXFileReference; lastKnownFileType = sourcecode.swift; path = ListingItemView.swift; sourceTree = "<group>"; };
		8AE449712BC1988800406747 /* SearchAndFilterBar.swift */ = {isa = PBXFileReference; lastKnownFileType = sourcecode.swift; path = SearchAndFilterBar.swift; sourceTree = "<group>"; };
		8AE449732BC2922300406747 /* ListingDetailView.swift */ = {isa = PBXFileReference; lastKnownFileType = sourcecode.swift; path = ListingDetailView.swift; sourceTree = "<group>"; };
		8AE449762BC2938800406747 /* ListingImageCarouselView.swift */ = {isa = PBXFileReference; lastKnownFileType = sourcecode.swift; path = ListingImageCarouselView.swift; sourceTree = "<group>"; };
		8AE449962BC3DBB300406747 /* DestinationSearchView.swift */ = {isa = PBXFileReference; lastKnownFileType = sourcecode.swift; path = DestinationSearchView.swift; sourceTree = "<group>"; };
/* End PBXFileReference section */

/* Begin PBXFrameworksBuildPhase section */
		8AE449492BC11E1800406747 /* Frameworks */ = {
			isa = PBXFrameworksBuildPhase;
			buildActionMask = 2147483647;
			files = (
			);
			runOnlyForDeploymentPostprocessing = 0;
		};
/* End PBXFrameworksBuildPhase section */

/* Begin PBXGroup section */
		8A03FC9E2BC6DBCE009E7077 /* Service */ = {
			isa = PBXGroup;
			children = (
				8A03FCA42BC6E342009E7077 /* ExploreService.swift */,
			);
			path = Service;
			sourceTree = "<group>";
		};
		8A03FCA02BC6DBE8009E7077 /* View */ = {
			isa = PBXGroup;
			children = (
				8AE449962BC3DBB300406747 /* DestinationSearchView.swift */,
				8AE4496D2BC1707800406747 /* ExploreView.swift */,
				8AE449712BC1988800406747 /* SearchAndFilterBar.swift */,
			);
			path = View;
			sourceTree = "<group>";
		};
		8A03FCA12BC6DBEF009E7077 /* ViewModel */ = {
			isa = PBXGroup;
			children = (
				8A03FCA22BC6DD0A009E7077 /* ExplorerViewModel.swift */,
			);
			path = ViewModel;
			sourceTree = "<group>";
		};
		8AE449432BC11E1800406747 = {
			isa = PBXGroup;
			children = (
				8AE4494E2BC11E1800406747 /* AirbnbClone */,
				8AE4494D2BC11E1800406747 /* Products */,
			);
			sourceTree = "<group>";
		};
		8AE4494D2BC11E1800406747 /* Products */ = {
			isa = PBXGroup;
			children = (
				8AE4494C2BC11E1800406747 /* AirbnbClone.app */,
			);
			name = Products;
			sourceTree = "<group>";
		};
		8AE4494E2BC11E1800406747 /* AirbnbClone */ = {
			isa = PBXGroup;
			children = (
				8AE449612BC16D3300406747 /* App */,
				8AE449532BC11E1A00406747 /* Assets.xcassets */,
				8AE449622BC16D5000406747 /* Core */,
				8AE449632BC16D6400406747 /* Extensions */,
				8AE449642BC16D8400406747 /* Models */,
				8AE449552BC11E1A00406747 /* Preview Content */,
				8AE449652BC16D9800406747 /* Utils */,
			);
			path = AirbnbClone;
			sourceTree = "<group>";
		};
		8AE449552BC11E1A00406747 /* Preview Content */ = {
			isa = PBXGroup;
			children = (
				8AE449562BC11E1A00406747 /* Preview Assets.xcassets */,
			);
			path = "Preview Content";
			sourceTree = "<group>";
		};
		8AE449612BC16D3300406747 /* App */ = {
			isa = PBXGroup;
			children = (
				8AE4494F2BC11E1800406747 /* AirbnbCloneApp.swift */,
			);
			path = App;
			sourceTree = "<group>";
		};
		8AE449622BC16D5000406747 /* Core */ = {
			isa = PBXGroup;
			children = (
				8AE449752BC2934F00406747 /* Components */,
				8AE449662BC16EFB00406747 /* Explore */,
				8AE449672BC16F0D00406747 /* Listings */,
				8AE449682BC16F1900406747 /* MapView */,
				8AE449692BC16F3500406747 /* Profile */,
				8AE4496A2BC16F4500406747 /* Root */,
				8AE4496B2BC16F5900406747 /* Tabbar */,
				8AE4496C2BC16F6900406747 /* WishList */,
			);
			path = Core;
			sourceTree = "<group>";
		};
		8AE449632BC16D6400406747 /* Extensions */ = {
			isa = PBXGroup;
			children = (
				8A3B992E2BC535EF009B326E /* Date+Ext.swift */,
				8ADA845E2BC6AC3C00A8A0A0 /* PinkButtonViewModifier.swift */,
				8A03FC9C2BC6D7DB009E7077 /* DeveloperPreview.swift */,
				8A03FCA62BC7DA1A009E7077 /* Regions.swift */,
			);
			path = Extensions;
			sourceTree = "<group>";
		};
		8AE449642BC16D8400406747 /* Models */ = {
			isa = PBXGroup;
			children = (
				8A03FC9A2BC6B36C009E7077 /* Listing.swift */,
			);
			path = Models;
			sourceTree = "<group>";
		};
		8AE449652BC16D9800406747 /* Utils */ = {
			isa = PBXGroup;
			children = (
			);
			path = Utils;
			sourceTree = "<group>";
		};
		8AE449662BC16EFB00406747 /* Explore */ = {
			isa = PBXGroup;
			children = (
				8A03FC9E2BC6DBCE009E7077 /* Service */,
				8A03FCA02BC6DBE8009E7077 /* View */,
				8A03FCA12BC6DBEF009E7077 /* ViewModel */,
			);
			path = Explore;
			sourceTree = "<group>";
		};
		8AE449672BC16F0D00406747 /* Listings */ = {
			isa = PBXGroup;
			children = (
				8AE4496F2BC171B900406747 /* ListingItemView.swift */,
				8AE449732BC2922300406747 /* ListingDetailView.swift */,
				8A03FCA82BC80FC5009E7077 /* ListingMapView.swift */,
				8A03FCAA2BC86141009E7077 /* ListingMapPreviewView.swift */,
			);
			path = Listings;
			sourceTree = "<group>";
		};
		8AE449682BC16F1900406747 /* MapView */ = {
			isa = PBXGroup;
			children = (
			);
			path = MapView;
			sourceTree = "<group>";
		};
		8AE449692BC16F3500406747 /* Profile */ = {
			isa = PBXGroup;
			children = (
				8A3B99302BC54529009B326E /* ProfileView.swift */,
				8ADA84592BC6A5FE00A8A0A0 /* ProfileOptionRowView.swift */,
			);
			path = Profile;
			sourceTree = "<group>";
		};
		8AE4496A2BC16F4500406747 /* Root */ = {
			isa = PBXGroup;
			children = (
			);
			path = Root;
			sourceTree = "<group>";
		};
		8AE4496B2BC16F5900406747 /* Tabbar */ = {
			isa = PBXGroup;
			children = (
				8ADA84602BC6AD8900A8A0A0 /* MainTabView.swift */,
			);
			path = Tabbar;
			sourceTree = "<group>";
		};
		8AE4496C2BC16F6900406747 /* WishList */ = {
			isa = PBXGroup;
			children = (
				8ADA845B2BC6A7BF00A8A0A0 /* WishlistsView.swift */,
			);
			path = WishList;
			sourceTree = "<group>";
		};
		8AE449752BC2934F00406747 /* Components */ = {
			isa = PBXGroup;
			children = (
				8AE449762BC2938800406747 /* ListingImageCarouselView.swift */,
			);
			path = Components;
			sourceTree = "<group>";
		};
/* End PBXGroup section */

/* Begin PBXNativeTarget section */
		8AE4494B2BC11E1800406747 /* AirbnbClone */ = {
			isa = PBXNativeTarget;
			buildConfigurationList = 8AE4495A2BC11E1A00406747 /* Build configuration list for PBXNativeTarget "AirbnbClone" */;
			buildPhases = (
				8AE449482BC11E1800406747 /* Sources */,
				8AE449492BC11E1800406747 /* Frameworks */,
				8AE4494A2BC11E1800406747 /* Resources */,
			);
			buildRules = (
			);
			dependencies = (
			);
			name = AirbnbClone;
			productName = AirbnbClone;
			productReference = 8AE4494C2BC11E1800406747 /* AirbnbClone.app */;
			productType = "com.apple.product-type.application";
		};
/* End PBXNativeTarget section */

/* Begin PBXProject section */
		8AE449442BC11E1800406747 /* Project object */ = {
			isa = PBXProject;
			attributes = {
				BuildIndependentTargetsInParallel = 1;
				LastSwiftUpdateCheck = 1500;
				LastUpgradeCheck = 1500;
				TargetAttributes = {
					8AE4494B2BC11E1800406747 = {
						CreatedOnToolsVersion = 15.0.1;
					};
				};
			};
			buildConfigurationList = 8AE449472BC11E1800406747 /* Build configuration list for PBXProject "AirbnbClone" */;
			compatibilityVersion = "Xcode 14.0";
			developmentRegion = en;
			hasScannedForEncodings = 0;
			knownRegions = (
				en,
				Base,
			);
			mainGroup = 8AE449432BC11E1800406747;
			productRefGroup = 8AE4494D2BC11E1800406747 /* Products */;
			projectDirPath = "";
			projectRoot = "";
			targets = (
				8AE4494B2BC11E1800406747 /* AirbnbClone */,
			);
		};
/* End PBXProject section */

/* Begin PBXResourcesBuildPhase section */
		8AE4494A2BC11E1800406747 /* Resources */ = {
			isa = PBXResourcesBuildPhase;
			buildActionMask = 2147483647;
			files = (
				8AE449572BC11E1A00406747 /* Preview Assets.xcassets in Resources */,
				8AE449542BC11E1A00406747 /* Assets.xcassets in Resources */,
			);
			runOnlyForDeploymentPostprocessing = 0;
		};
/* End PBXResourcesBuildPhase section */

/* Begin PBXSourcesBuildPhase section */
		8AE449482BC11E1800406747 /* Sources */ = {
			isa = PBXSourcesBuildPhase;
			buildActionMask = 2147483647;
			files = (
				8AE449772BC2938800406747 /* ListingImageCarouselView.swift in Sources */,
				8A3B99312BC54529009B326E /* ProfileView.swift in Sources */,
				8AE449972BC3DBB300406747 /* DestinationSearchView.swift in Sources */,
				8A03FCAB2BC86141009E7077 /* ListingMapPreviewView.swift in Sources */,
				8A03FCA52BC6E342009E7077 /* ExploreService.swift in Sources */,
				8ADA845F2BC6AC3C00A8A0A0 /* PinkButtonViewModifier.swift in Sources */,
				8AE449702BC171B900406747 /* ListingItemView.swift in Sources */,
				8A03FC9D2BC6D7DB009E7077 /* DeveloperPreview.swift in Sources */,
				8ADA845A2BC6A5FE00A8A0A0 /* ProfileOptionRowView.swift in Sources */,
				8A3B992F2BC535EF009B326E /* Date+Ext.swift in Sources */,
				8ADA84612BC6AD8900A8A0A0 /* MainTabView.swift in Sources */,
				8A03FC9B2BC6B36C009E7077 /* Listing.swift in Sources */,
				8A03FCA92BC80FC5009E7077 /* ListingMapView.swift in Sources */,
				8ADA845C2BC6A7BF00A8A0A0 /* WishlistsView.swift in Sources */,
				8AE4496E2BC1707800406747 /* ExploreView.swift in Sources */,
				8A03FCA72BC7DA1A009E7077 /* Regions.swift in Sources */,
				8AE449722BC1988800406747 /* SearchAndFilterBar.swift in Sources */,
				8AE449742BC2922300406747 /* ListingDetailView.swift in Sources */,
				8AE449502BC11E1800406747 /* AirbnbCloneApp.swift in Sources */,
				8A03FCA32BC6DD0A009E7077 /* ExplorerViewModel.swift in Sources */,
			);
			runOnlyForDeploymentPostprocessing = 0;
		};
/* End PBXSourcesBuildPhase section */

/* Begin XCBuildConfiguration section */
		8AE449582BC11E1A00406747 /* Debug */ = {
			isa = XCBuildConfiguration;
			buildSettings = {
				ALWAYS_SEARCH_USER_PATHS = NO;
				ASSETCATALOG_COMPILER_GENERATE_SWIFT_ASSET_SYMBOL_EXTENSIONS = YES;
				CLANG_ANALYZER_NONNULL = YES;
				CLANG_ANALYZER_NUMBER_OBJECT_CONVERSION = YES_AGGRESSIVE;
				CLANG_CXX_LANGUAGE_STANDARD = "gnu++20";
				CLANG_ENABLE_MODULES = YES;
				CLANG_ENABLE_OBJC_ARC = YES;
				CLANG_ENABLE_OBJC_WEAK = YES;
				CLANG_WARN_BLOCK_CAPTURE_AUTORELEASING = YES;
				CLANG_WARN_BOOL_CONVERSION = YES;
				CLANG_WARN_COMMA = YES;
				CLANG_WARN_CONSTANT_CONVERSION = YES;
				CLANG_WARN_DEPRECATED_OBJC_IMPLEMENTATIONS = YES;
				CLANG_WARN_DIRECT_OBJC_ISA_USAGE = YES_ERROR;
				CLANG_WARN_DOCUMENTATION_COMMENTS = YES;
				CLANG_WARN_EMPTY_BODY = YES;
				CLANG_WARN_ENUM_CONVERSION = YES;
				CLANG_WARN_INFINITE_RECURSION = YES;
				CLANG_WARN_INT_CONVERSION = YES;
				CLANG_WARN_NON_LITERAL_NULL_CONVERSION = YES;
				CLANG_WARN_OBJC_IMPLICIT_RETAIN_SELF = YES;
				CLANG_WARN_OBJC_LITERAL_CONVERSION = YES;
				CLANG_WARN_OBJC_ROOT_CLASS = YES_ERROR;
				CLANG_WARN_QUOTED_INCLUDE_IN_FRAMEWORK_HEADER = YES;
				CLANG_WARN_RANGE_LOOP_ANALYSIS = YES;
				CLANG_WARN_STRICT_PROTOTYPES = YES;
				CLANG_WARN_SUSPICIOUS_MOVE = YES;
				CLANG_WARN_UNGUARDED_AVAILABILITY = YES_AGGRESSIVE;
				CLANG_WARN_UNREACHABLE_CODE = YES;
				CLANG_WARN__DUPLICATE_METHOD_MATCH = YES;
				COPY_PHASE_STRIP = NO;
				DEBUG_INFORMATION_FORMAT = dwarf;
				ENABLE_STRICT_OBJC_MSGSEND = YES;
				ENABLE_TESTABILITY = YES;
				ENABLE_USER_SCRIPT_SANDBOXING = YES;
				GCC_C_LANGUAGE_STANDARD = gnu17;
				GCC_DYNAMIC_NO_PIC = NO;
				GCC_NO_COMMON_BLOCKS = YES;
				GCC_OPTIMIZATION_LEVEL = 0;
				GCC_PREPROCESSOR_DEFINITIONS = (
					"DEBUG=1",
					"$(inherited)",
				);
				GCC_WARN_64_TO_32_BIT_CONVERSION = YES;
				GCC_WARN_ABOUT_RETURN_TYPE = YES_ERROR;
				GCC_WARN_UNDECLARED_SELECTOR = YES;
				GCC_WARN_UNINITIALIZED_AUTOS = YES_AGGRESSIVE;
				GCC_WARN_UNUSED_FUNCTION = YES;
				GCC_WARN_UNUSED_VARIABLE = YES;
				IPHONEOS_DEPLOYMENT_TARGET = 17.0;
				LOCALIZATION_PREFERS_STRING_CATALOGS = YES;
				MTL_ENABLE_DEBUG_INFO = INCLUDE_SOURCE;
				MTL_FAST_MATH = YES;
				ONLY_ACTIVE_ARCH = YES;
				SDKROOT = iphoneos;
				SWIFT_ACTIVE_COMPILATION_CONDITIONS = "DEBUG $(inherited)";
				SWIFT_OPTIMIZATION_LEVEL = "-Onone";
			};
			name = Debug;
		};
		8AE449592BC11E1A00406747 /* Release */ = {
			isa = XCBuildConfiguration;
			buildSettings = {
				ALWAYS_SEARCH_USER_PATHS = NO;
				ASSETCATALOG_COMPILER_GENERATE_SWIFT_ASSET_SYMBOL_EXTENSIONS = YES;
				CLANG_ANALYZER_NONNULL = YES;
				CLANG_ANALYZER_NUMBER_OBJECT_CONVERSION = YES_AGGRESSIVE;
				CLANG_CXX_LANGUAGE_STANDARD = "gnu++20";
				CLANG_ENABLE_MODULES = YES;
				CLANG_ENABLE_OBJC_ARC = YES;
				CLANG_ENABLE_OBJC_WEAK = YES;
				CLANG_WARN_BLOCK_CAPTURE_AUTORELEASING = YES;
				CLANG_WARN_BOOL_CONVERSION = YES;
				CLANG_WARN_COMMA = YES;
				CLANG_WARN_CONSTANT_CONVERSION = YES;
				CLANG_WARN_DEPRECATED_OBJC_IMPLEMENTATIONS = YES;
				CLANG_WARN_DIRECT_OBJC_ISA_USAGE = YES_ERROR;
				CLANG_WARN_DOCUMENTATION_COMMENTS = YES;
				CLANG_WARN_EMPTY_BODY = YES;
				CLANG_WARN_ENUM_CONVERSION = YES;
				CLANG_WARN_INFINITE_RECURSION = YES;
				CLANG_WARN_INT_CONVERSION = YES;
				CLANG_WARN_NON_LITERAL_NULL_CONVERSION = YES;
				CLANG_WARN_OBJC_IMPLICIT_RETAIN_SELF = YES;
				CLANG_WARN_OBJC_LITERAL_CONVERSION = YES;
				CLANG_WARN_OBJC_ROOT_CLASS = YES_ERROR;
				CLANG_WARN_QUOTED_INCLUDE_IN_FRAMEWORK_HEADER = YES;
				CLANG_WARN_RANGE_LOOP_ANALYSIS = YES;
				CLANG_WARN_STRICT_PROTOTYPES = YES;
				CLANG_WARN_SUSPICIOUS_MOVE = YES;
				CLANG_WARN_UNGUARDED_AVAILABILITY = YES_AGGRESSIVE;
				CLANG_WARN_UNREACHABLE_CODE = YES;
				CLANG_WARN__DUPLICATE_METHOD_MATCH = YES;
				COPY_PHASE_STRIP = NO;
				DEBUG_INFORMATION_FORMAT = "dwarf-with-dsym";
				ENABLE_NS_ASSERTIONS = NO;
				ENABLE_STRICT_OBJC_MSGSEND = YES;
				ENABLE_USER_SCRIPT_SANDBOXING = YES;
				GCC_C_LANGUAGE_STANDARD = gnu17;
				GCC_NO_COMMON_BLOCKS = YES;
				GCC_WARN_64_TO_32_BIT_CONVERSION = YES;
				GCC_WARN_ABOUT_RETURN_TYPE = YES_ERROR;
				GCC_WARN_UNDECLARED_SELECTOR = YES;
				GCC_WARN_UNINITIALIZED_AUTOS = YES_AGGRESSIVE;
				GCC_WARN_UNUSED_FUNCTION = YES;
				GCC_WARN_UNUSED_VARIABLE = YES;
				IPHONEOS_DEPLOYMENT_TARGET = 17.0;
				LOCALIZATION_PREFERS_STRING_CATALOGS = YES;
				MTL_ENABLE_DEBUG_INFO = NO;
				MTL_FAST_MATH = YES;
				SDKROOT = iphoneos;
				SWIFT_COMPILATION_MODE = wholemodule;
				VALIDATE_PRODUCT = YES;
			};
			name = Release;
		};
		8AE4495B2BC11E1A00406747 /* Debug */ = {
			isa = XCBuildConfiguration;
			buildSettings = {
				ASSETCATALOG_COMPILER_APPICON_NAME = AppIcon;
				ASSETCATALOG_COMPILER_GLOBAL_ACCENT_COLOR_NAME = AccentColor;
				CODE_SIGN_STYLE = Automatic;
				CURRENT_PROJECT_VERSION = 1;
				DEVELOPMENT_ASSET_PATHS = "\"AirbnbClone/Preview Content\"";
				ENABLE_PREVIEWS = YES;
				GENERATE_INFOPLIST_FILE = YES;
				INFOPLIST_KEY_UIApplicationSceneManifest_Generation = YES;
				INFOPLIST_KEY_UIApplicationSupportsIndirectInputEvents = YES;
				INFOPLIST_KEY_UILaunchScreen_Generation = YES;
				INFOPLIST_KEY_UISupportedInterfaceOrientations_iPad = "UIInterfaceOrientationPortrait UIInterfaceOrientationPortraitUpsideDown UIInterfaceOrientationLandscapeLeft UIInterfaceOrientationLandscapeRight";
				INFOPLIST_KEY_UISupportedInterfaceOrientations_iPhone = "UIInterfaceOrientationPortrait UIInterfaceOrientationLandscapeLeft UIInterfaceOrientationLandscapeRight";
				LD_RUNPATH_SEARCH_PATHS = (
					"$(inherited)",
					"@executable_path/Frameworks",
				);
				MARKETING_VERSION = 1.0;
				PRODUCT_BUNDLE_IDENTIFIER = com.ua.AirbnbClone;
				PRODUCT_NAME = "$(TARGET_NAME)";
				SWIFT_EMIT_LOC_STRINGS = YES;
				SWIFT_VERSION = 5.0;
				TARGETED_DEVICE_FAMILY = "1,2";
			};
			name = Debug;
		};
		8AE4495C2BC11E1A00406747 /* Release */ = {
			isa = XCBuildConfiguration;
			buildSettings = {
				ASSETCATALOG_COMPILER_APPICON_NAME = AppIcon;
				ASSETCATALOG_COMPILER_GLOBAL_ACCENT_COLOR_NAME = AccentColor;
				CODE_SIGN_STYLE = Automatic;
				CURRENT_PROJECT_VERSION = 1;
				DEVELOPMENT_ASSET_PATHS = "\"AirbnbClone/Preview Content\"";
				ENABLE_PREVIEWS = YES;
				GENERATE_INFOPLIST_FILE = YES;
				INFOPLIST_KEY_UIApplicationSceneManifest_Generation = YES;
				INFOPLIST_KEY_UIApplicationSupportsIndirectInputEvents = YES;
				INFOPLIST_KEY_UILaunchScreen_Generation = YES;
				INFOPLIST_KEY_UISupportedInterfaceOrientations_iPad = "UIInterfaceOrientationPortrait UIInterfaceOrientationPortraitUpsideDown UIInterfaceOrientationLandscapeLeft UIInterfaceOrientationLandscapeRight";
				INFOPLIST_KEY_UISupportedInterfaceOrientations_iPhone = "UIInterfaceOrientationPortrait UIInterfaceOrientationLandscapeLeft UIInterfaceOrientationLandscapeRight";
				LD_RUNPATH_SEARCH_PATHS = (
					"$(inherited)",
					"@executable_path/Frameworks",
				);
				MARKETING_VERSION = 1.0;
				PRODUCT_BUNDLE_IDENTIFIER = com.ua.AirbnbClone;
				PRODUCT_NAME = "$(TARGET_NAME)";
				SWIFT_EMIT_LOC_STRINGS = YES;
				SWIFT_VERSION = 5.0;
				TARGETED_DEVICE_FAMILY = "1,2";
			};
			name = Release;
		};
/* End XCBuildConfiguration section */

/* Begin XCConfigurationList section */
		8AE449472BC11E1800406747 /* Build configuration list for PBXProject "AirbnbClone" */ = {
			isa = XCConfigurationList;
			buildConfigurations = (
				8AE449582BC11E1A00406747 /* Debug */,
				8AE449592BC11E1A00406747 /* Release */,
			);
			defaultConfigurationIsVisible = 0;
			defaultConfigurationName = Release;
		};
		8AE4495A2BC11E1A00406747 /* Build configuration list for PBXNativeTarget "AirbnbClone" */ = {
			isa = XCConfigurationList;
			buildConfigurations = (
				8AE4495B2BC11E1A00406747 /* Debug */,
				8AE4495C2BC11E1A00406747 /* Release */,
			);
			defaultConfigurationIsVisible = 0;
			defaultConfigurationName = Release;
		};
/* End XCConfigurationList section */
	};
	rootObject = 8AE449442BC11E1800406747 /* Project object */;
}
